%{"basho_stats": {:hex, :basho_stats, "1.0.3", "7e1174151509c64fcc1934120ed32295e14f84daae7f84926ba2c8d3700d146c", [:rebar3], [], "hexpm"},
  "bear": {:hex, :bear, "0.8.5", "e95fca1627cd9e15baf93ce0a52aff16917baf325f0ee65b88cd715376cd2344", [], [], "hexpm"},
  "blume": {:hex, :blume, "0.1.0", "62dda46b43e24d4b8d5407b8f6ddb78ebd2a8cdc84d9bc822cddaef6f402f3eb", [:rebar3], []},
  "chash": {:hex, :chash, "0.1.2", "af02484f2640c653c4b9a8557a14ca0704989dbedb27e7ccbc442f1903a3bca7", [:rebar3], []},
  "clique": {:hex, :clique, "0.3.10", "29ecba7ec61ded866197164d33f61d1cbf892ed85fc933673d7e50d0689d34fb", [], [{:cuttlefish, "~>2.0.12", [hex: :cuttlefish, repo: "hexpm", optional: false]}], "hexpm"},
  "cuttlefish": {:git, "git://github.com/bryanhuntesl/cuttlefish.git", "7d2e50d61753fee7cc257ac8d54abbc277a7dd90", [branch: "develop"]},
  "edown": {:hex, :edown, "0.8.1", "7333b6f6b7bbc736c263e9ceb8261667d7c8f7d92e251829f1a9fe8f24e7b694", [:rebar3], []},
  "eleveldb": {:git, "git://github.com/basho/eleveldb.git", "2c9c5a5f66255266145154bb3ca975087f2a308f", [tag: "2.0.0"]},
  "exometer_core": {:hex, :basho_exometer_core, "1.0.2", "dc4bc9b0b47edee0c053b16ac5b9c692e662c7e1513ffc96f4d928bc3328d65f", [:rebar3], [{:folsom, "~>0.8.3", [hex: :folsom, optional: false]}, {:lager, "~>3.2.0", [hex: :lager, optional: false]}, {:parse_trans, "~>2.9.0", [hex: :parse_trans, optional: false]}, {:setup, "~>1.7.0", [hex: :setup, optional: false]}]},
  "folsom": {:hex, :folsom, "0.8.5", "94a027b56fe84feed264f9b33cb4c6ac9a801fad84b87dbda0836ce83c3b8d69", [], [{:bear, "0.8.5", [hex: :bear, repo: "hexpm", optional: false]}], "hexpm"},
  "getopt": {:git, "https://github.com/freeakdb/getopt.git", "880030ff0cbecb73ba75a78a7aa0cc1dcb7fe331", [tag: "feature/riak-2903/rebar3"]},
  "goldrush": {:hex, :goldrush, "0.1.9", "f06e5d5f1277da5c413e84d5a2924174182fb108dabb39d5ec548b27424cd106", [:rebar3], [], "hexpm"},
  "lager": {:git, "git://github.com/erlang-lager/lager", "944b78d4b4dd32168659d5459b728851f373e514", [tag: "3.5.2"]},
  "meck": {:git, "git://github.com/basho/meck.git", "2b25a30a8688f94106d07f23a9f1fb523ac00f08", [tag: "0.8.1"]},
  "neotoma": {:git, "https://github.com/basho/neotoma.git", "a555443a008f025a6b2c2eb0ac1b4770fad0d31f", [branch: "rebar3"]},
  "parse_trans": {:hex, :parse_trans, "2.9.0", "3f5f7b402928fb9fd200c891e635de909045d1efac40ce3f924d3892898f85eb", [:rebar, :rebar], [{:edown, "> 0.0.0", [hex: :edown, optional: false]}]},
  "pbkdf2": {:hex, :pbkdf2, "2.0.0", "11c23279fded5c0027ab3996cfae77805521d7ef4babde2bd7ec04a9086cf499", [:rebar3], [], "hexpm"},
  "poolboy": {:hex, :basho_poolboy, "0.8.2", "ad5524bf4b8d30eee0e5386847b74dad739bb6ae1893f3af10f54d427acc96e4", [:rebar3], [], "hexpm"},
  "riak_core": {:git, "git@github.com:marianoguerra/riak_core.git", "5ce029026c074b1f855d2ef6eb3fd08b5572c3bb", [branch: "riak_core_lite"]},
  "riak_ensemble": {:hex, :riak_ensemble_ng, "2.4.0", "6570463bf09f1200c003de298c5d6615c418d3bf0a2df5caf469a9df2558059a", [], [{:lager, "~>3.2.1", [hex: :lager, repo: "hexpm", optional: false]}], "hexpm"},
  "riak_sysmon": {:hex, :riak_sysmon, "2.1.5", "2331bbcaebe73ea7b2449f4c765827142476cc73d7d86999b4209ee005694d6b", [], [], "hexpm"},
  "setup": {:hex, :setup, "1.7.0", "15df8e57c6df9755e22bfb1aef0c640bd97e9889396fdfb2a85a5536a9043674", [:rebar3], []}}
