%{
  "basho_stats": {:hex, :basho_stats, "1.0.3", "7e1174151509c64fcc1934120ed32295e14f84daae7f84926ba2c8d3700d146c", [:rebar3], [], "hexpm"},
  "bear": {:git, "git@github.com:freeakdb/bear.git", "9c79f2c134eadb4bd6087c5fe1ab35b8e7ab556b", [tag: "0.8.2p1-rebar3-otp20"]},
  "blume": {:hex, :blume, "0.1.1", "cfb4f43688690ba81c6a79f54e4678cfd5fdedab692f277ae740ae4a3897360d", [:rebar3], [], "hexpm"},
  "chash": {:hex, :chash, "0.1.2", "af02484f2640c653c4b9a8557a14ca0704989dbedb27e7ccbc442f1903a3bca7", [:rebar3], [], "hexpm"},
  "clique": {:git, "https://github.com/freeakdb/clique.git", "baed0a08165d08e7c6e363996e1fc3e5bef8e0cf", [branch: "develop-2.2"]},
  "cuttlefish": {:git, "git://github.com/bryanhuntesl/cuttlefish.git", "fe9acb376dc28a6df22ae789a319bec6dd780fff", [branch: "develop"]},
  "edown": {:hex, :edown, "0.8.1", "7333b6f6b7bbc736c263e9ceb8261667d7c8f7d92e251829f1a9fe8f24e7b694", [:rebar3], [], "hexpm"},
  "eleveldb": {:git, "git@github.com:freeakdb/eleveldb.git", "3c8b26e99d883260d9ac922c0381ccaf41644025", [tag: "2.2.19"]},
  "exometer_core": {:hex, :basho_exometer_core, "1.0.2", "dc4bc9b0b47edee0c053b16ac5b9c692e662c7e1513ffc96f4d928bc3328d65f", [:rebar3], [{:folsom, "~>0.8.3", [hex: :folsom, repo: "hexpm", optional: false]}, {:lager, "~>3.2.0", [hex: :lager, repo: "hexpm", optional: false]}, {:parse_trans, "~>2.9.0", [hex: :parse_trans, repo: "hexpm", optional: false]}, {:setup, "~>1.7.0", [hex: :setup, repo: "hexpm", optional: false]}], "hexpm"},
  "folsom": {:git, "git@github.com:freeakdb/folsom.git", "f017ae4845e8c51df2f24316f314827c6da31dab", [tag: "0.8.2p1"]},
  "gen_fsm_compat": {:git, "https://github.com/freeakdb/gen_fsm_compat.git", "29a42abc201bac8f9534a126a76c87bfeed87924", [branch: "elixir1.6-r20"]},
  "getopt": {:git, "https://github.com/freeakdb/getopt.git", "8168503c91c8e9df5d4ee34d43da452a2a853527", [tag: "r20-rebar3"]},
  "goldrush": {:git, "git@github.com:freeakdb/goldrush.git", "8f1b715d36b650ec1e1f5612c00e28af6ab0de82", [tag: "0.1.9"]},
  "lager": {:git, "git://github.com/erlang-lager/lager", "944b78d4b4dd32168659d5459b728851f373e514", [tag: "3.5.2"]},
  "leveled": {:git, "git@github.com:freeakdb/leveled.git", "c827c600421e446f0a5bf18f8a06e97930b5d23a", [tag: "stockholm_training_bh"]},
  "lz4": {:git, "https://github.com/martinsumner/erlang-lz4", "09d539685e616b614e851926384439384601ee5a", [branch: "mas-leveled"]},
  "meck": {:git, "https://github.com/basho/meck.git", "70d6a33ce7407029dc59e22a5b3c1c61c1348b23", [tag: "0.8.4"]},
  "parse_trans": {:hex, :parse_trans, "2.9.0", "3f5f7b402928fb9fd200c891e635de909045d1efac40ce3f924d3892898f85eb", [:rebar], [{:edown, "> 0.0.0", [hex: :edown, repo: "hexpm", optional: false]}], "hexpm"},
  "pbkdf2": {:hex, :pbkdf2, "2.0.0", "11c23279fded5c0027ab3996cfae77805521d7ef4babde2bd7ec04a9086cf499", [:rebar3], [], "hexpm"},
  "poolboy": {:hex, :basho_poolboy, "0.8.2", "ad5524bf4b8d30eee0e5386847b74dad739bb6ae1893f3af10f54d427acc96e4", [:rebar3], [], "hexpm"},
  "riak_core": {:git, "git@github.com:freeakdb/riak_core.git", "5ce029026c074b1f855d2ef6eb3fd08b5572c3bb", [branch: "riak_core_lite_training_bh"]},
  "riak_ensemble": {:git, "https://github.com/freeakdb/riak_ensemble.git", "83c2edaafe2b66ea3d2fee8b503535832cdd6332", [tag: "2.1.9-rebar3-otp20-elixir-1.6"]},
  "riak_sysmon": {:git, "https://github.com/freeakdb/riak_sysmon.git", "3968730d6d43636d0f82e21d0fd54a77ce49196f", [branch: "develop-2.2"]},
  "setup": {:hex, :setup, "1.7.0", "15df8e57c6df9755e22bfb1aef0c640bd97e9889396fdfb2a85a5536a9043674", [:rebar3], [], "hexpm"},
}
